Microsoft Visual Studio Solution File, Format Version 11.00
# Visual Studio 2008

Project("{DE141892-C74F-A157-BF6D-EA9D09B85C83}") = "Serious-Game", "Assembly-CSharp-firstpass-vs.csproj", "{CC8F6BDC-8A6E-626C-81D1-7D9A8CEE74D3}"
EndProject
Project("{DE141892-C74F-A157-BF6D-EA9D09B85C83}") = "Serious-Game", "Assembly-CSharp-vs.csproj", "{68439BE3-92C8-FE09-A718-BBDC89724366}"
EndProject
Global
	GlobalSection(SolutionConfigurationPlatforms) = preSolution
		Debug|Any CPU = Debug|Any CPU
		Release|Any CPU = Release|Any CPU
	EndGlobalSection
	GlobalSection(ProjectConfigurationPlatforms) = postSolution
		{CC8F6BDC-8A6E-626C-81D1-7D9A8CEE74D3}.Debug|Any CPU.ActiveCfg = Debug|Any CPU
		{CC8F6BDC-8A6E-626C-81D1-7D9A8CEE74D3}.Debug|Any CPU.Build.0 = Debug|Any CPU
		{CC8F6BDC-8A6E-626C-81D1-7D9A8CEE74D3}.Release|Any CPU.ActiveCfg = Release|Any CPU
		{CC8F6BDC-8A6E-626C-81D1-7D9A8CEE74D3}.Release|Any CPU.Build.0 = Release|Any CPU
		{68439BE3-92C8-FE09-A718-BBDC89724366}.Debug|Any CPU.ActiveCfg = Debug|Any CPU
		{68439BE3-92C8-FE09-A718-BBDC89724366}.Debug|Any CPU.Build.0 = Debug|Any CPU
		{68439BE3-92C8-FE09-A718-BBDC89724366}.Release|Any CPU.ActiveCfg = Release|Any CPU
		{68439BE3-92C8-FE09-A718-BBDC89724366}.Release|Any CPU.Build.0 = Release|Any CPU
	EndGlobalSection
	GlobalSection(SolutionProperties) = preSolution
		HideSolutionNode = FALSE
	EndGlobalSection
																																																																	GlobalSection(MonoDevelopProperties) = preSolution
		StartupItem = Assembly-CSharp.csproj
		Policies = $0
		$0.TextStylePolicy = $1
		$1.inheritsSet = null
		$1.scope = text/x-csharp
		$0.CSharpFormattingPolicy = $2
		$2.inheritsSet = Mono
		$2.inheritsScope = text/x-csharp
		$2.scope = text/x-csharp
		$0.TextStylePolicy = $3
		$3.FileWidth = 120
		$3.TabWidth = 4
		$3.EolMarker = Unix
		$3.inheritsSet = Mono
		$3.inheritsScope = text/plain
		$3.scope = text/plain
	EndGlobalSection

EndGlobal
